
Microsoft Visual Studio Solution File, Format Version 12.00
# Visual Studio Version 16
VisualStudioVersion = 16.0.31829.152
MinimumVisualStudioVersion = 10.0.40219.1
Project("{FAE04EC0-301F-11D3-BF4B-00C04F79EFBC}") = "GirinTest", "GirinTest\GirinTest.csproj", "{B6B99A1A-256F-4AF3-8379-D1D0411FC0B4}"
EndProject
Global
	GlobalSection(SolutionConfigurationPlatforms) = preSolution
		Debug|Any CPU = Debug|Any CPU
		Release|Any CPU = Release|Any CPU
	EndGlobalSection
	GlobalSection(ProjectConfigurationPlatforms) = postSolution
		{B6B99A1A-256F-4AF3-8379-D1D0411FC0B4}.Debug|Any CPU.ActiveCfg = Debug|Any CPU
		{B6B99A1A-256F-4AF3-8379-D1D0411FC0B4}.Debug|Any CPU.Build.0 = Debug|Any CPU
		{B6B99A1A-256F-4AF3-8379-D1D0411FC0B4}.Release|Any CPU.ActiveCfg = Release|Any CPU
		{B6B99A1A-256F-4AF3-8379-D1D0411FC0B4}.Release|Any CPU.Build.0 = Release|Any CPU
	EndGlobalSection
	GlobalSection(SolutionProperties) = preSolution
		HideSolutionNode = FALSE
	EndGlobalSection
	GlobalSection(ExtensibilityGlobals) = postSolution
		SolutionGuid = {D5DE65B0-80EC-4A8B-87A4-4AAD6BE95E34}
	EndGlobalSection
EndGlobal
